
Microsoft Visual Studio Solution File, Format Version 12.00
# Visual Studio 15
VisualStudioVersion = 15.0.26206.0
MinimumVisualStudioVersion = 10.0.40219.1
Project("{FAE04EC0-301F-11D3-BF4B-00C04F79EFBC}") = "Lab5 - GeneticAlg", "Lab5 - GeneticAlg\Lab5 - GeneticAlg.csproj", "{4BE87D29-E036-47CB-A88B-9C111FB556F7}"
EndProject
Global
	GlobalSection(SolutionConfigurationPlatforms) = preSolution
		Debug|Any CPU = Debug|Any CPU
		Release|Any CPU = Release|Any CPU
	EndGlobalSection
	GlobalSection(ProjectConfigurationPlatforms) = postSolution
		{4BE87D29-E036-47CB-A88B-9C111FB556F7}.Debug|Any CPU.ActiveCfg = Debug|Any CPU
		{4BE87D29-E036-47CB-A88B-9C111FB556F7}.Debug|Any CPU.Build.0 = Debug|Any CPU
		{4BE87D29-E036-47CB-A88B-9C111FB556F7}.Release|Any CPU.ActiveCfg = Release|Any CPU
		{4BE87D29-E036-47CB-A88B-9C111FB556F7}.Release|Any CPU.Build.0 = Release|Any CPU
	EndGlobalSection
	GlobalSection(SolutionProperties) = preSolution
		HideSolutionNode = FALSE
	EndGlobalSection
EndGlobal
